// !$*UTF8*$!
{
	archiveVersion = 1;
	classes = {
	};
	objectVersion = 110;
	objects = {

/* Begin PBXContainerItemProxy section */
		D6AEDEA42FE6DF8500CE7746 /* PBXContainerItemProxy */ = {
			isa = PBXContainerItemProxy;
			containerPortal = D6AEDE8E2FE6DF8400CE7746 /* Project object */;
			proxyType = 1;
			remoteGlobalIDString = D6AEDE952FE6DF8400CE7746;
			remoteInfo = Keel;
		};
		D6AEDEAE2FE6DF8500CE7746 /* PBXContainerItemProxy */ = {
			isa = PBXContainerItemProxy;
			containerPortal = D6AEDE8E2FE6DF8400CE7746 /* Project object */;
			proxyType = 1;
			remoteGlobalIDString = D6AEDE952FE6DF8400CE7746;
			remoteInfo = Keel;
		};
/* End PBXContainerItemProxy section */

/* Begin PBXFileReference section */
		D6AEDE962FE6DF8400CE7746 /* Keel.app */ = {isa = PBXFileReference; explicitFileType = wrapper.application; includeInIndex = 0; path = Keel.app; sourceTree = BUILT_PRODUCTS_DIR; };
		D6AEDEA32FE6DF8500CE7746 /* KeelTests.xctest */ = {isa = PBXFileReference; explicitFileType = wrapper.cfbundle; includeInIndex = 0; path = KeelTests.xctest; sourceTree = BUILT_PRODUCTS_DIR; };
		D6AEDEAD2FE6DF8500CE7746 /* KeelUITests.xctest */ = {isa = PBXFileReference; explicitFileType = wrapper.cfbundle; includeInIndex = 0; path = KeelUITests.xctest; sourceTree = BUILT_PRODUCTS_DIR; };
/* End PBXFileReference section */

/* Begin PBXFileSystemSynchronizedRootGroup section */
		D6AEDE982FE6DF8400CE7746 /* Keel */ = {
			isa = PBXFileSystemSynchronizedRootGroup;
			path = Keel;
			sourceTree = "<group>";
		};
		D6AEDEA62FE6DF8500CE7746 /* KeelTests */ = {
			isa = PBXFileSystemSynchronizedRootGroup;
			path = KeelTests;
			sourceTree = "<group>";
		};
		D6AEDEB02FE6DF8500CE7746 /* KeelUITests */ = {
			isa = PBXFileSystemSynchronizedRootGroup;
			path = KeelUITests;
			sourceTree = "<group>";
		};
/* End PBXFileSystemSynchronizedRootGroup section */

/* Begin PBXFrameworksBuildPhase section */
		D6AEDE932FE6DF8400CE7746 /* Frameworks */ = {
			isa = PBXFrameworksBuildPhase;
			files = (
			);
		};
		D6AEDEA02FE6DF8500CE7746 /* Frameworks */ = {
			isa = PBXFrameworksBuildPhase;
			files = (
			);
		};
		D6AEDEAA2FE6DF8500CE7746 /* Frameworks */ = {
			isa = PBXFrameworksBuildPhase;
			files = (
			);
		};
/* End PBXFrameworksBuildPhase section */

/* Begin PBXGroup section */
		D6AEDE8D2FE6DF8400CE7746 = {
			isa = PBXGroup;
			children = (
				D6AEDE982FE6DF8400CE7746 /* Keel */,
				D6AEDEA62FE6DF8500CE7746 /* KeelTests */,
				D6AEDEB02FE6DF8500CE7746 /* KeelUITests */,
				D6AEDE972FE6DF8400CE7746 /* Products */,
			);
			sourceTree = "<group>";
		};
		D6AEDE972FE6DF8400CE7746 /* Products */ = {
			isa = PBXGroup;
			children = (
				D6AEDE962FE6DF8400CE7746 /* Keel.app */,
				D6AEDEA32FE6DF8500CE7746 /* KeelTests.xctest */,
				D6AEDEAD2FE6DF8500CE7746 /* KeelUITests.xctest */,
			);
			name = Products;
			sourceTree = "<group>";
		};
/* End PBXGroup section */

/* Begin PBXNativeTarget section */
		D6AEDE952FE6DF8400CE7746 /* Keel */ = {
			isa = PBXNativeTarget;
			buildConfigurationList = D6AEDEB52FE6DF8500CE7746 /* Build configuration list for PBXNativeTarget "Keel" */;
			buildPhases = (
				D6AEDE922FE6DF8400CE7746 /* Sources */,
				D6AEDE932FE6DF8400CE7746 /* Frameworks */,
				D6AEDE942FE6DF8400CE7746 /* Resources */,
			);
			buildRules = (
			);
			fileSystemSynchronizedGroups = (
				D6AEDE982FE6DF8400CE7746 /* Keel */,
			);
			name = Keel;
			productName = Keel;
			productReference = D6AEDE962FE6DF8400CE7746 /* Keel.app */;
			productType = "com.apple.product-type.application";
		};
		D6AEDEA22FE6DF8500CE7746 /* KeelTests */ = {
			isa = PBXNativeTarget;
			buildConfigurationList = D6AEDEB82FE6DF8500CE7746 /* Build configuration list for PBXNativeTarget "KeelTests" */;
			buildPhases = (
				D6AEDE9F2FE6DF8500CE7746 /* Sources */,
				D6AEDEA02FE6DF8500CE7746 /* Frameworks */,
				D6AEDEA12FE6DF8500CE7746 /* Resources */,
			);
			buildRules = (
			);
			dependencies = (
				D6AEDEA52FE6DF8500CE7746 /* PBXTargetDependency */,
			);
			fileSystemSynchronizedGroups = (
				D6AEDEA62FE6DF8500CE7746 /* KeelTests */,
			);
			name = KeelTests;
			productName = KeelTests;
			productReference = D6AEDEA32FE6DF8500CE7746 /* KeelTests.xctest */;
			productType = "com.apple.product-type.bundle.unit-test";
		};
		D6AEDEAC2FE6DF8500CE7746 /* KeelUITests */ = {
			isa = PBXNativeTarget;
			buildConfigurationList = D6AEDEBB2FE6DF8500CE7746 /* Build configuration list for PBXNativeTarget "KeelUITests" */;
			buildPhases = (
				D6AEDEA92FE6DF8500CE7746 /* Sources */,
				D6AEDEAA2FE6DF8500CE7746 /* Frameworks */,
				D6AEDEAB2FE6DF8500CE7746 /* Resources */,
			);
			buildRules = (
			);
			dependencies = (
				D6AEDEAF2FE6DF8500CE7746 /* PBXTargetDependency */,
			);
			fileSystemSynchronizedGroups = (
				D6AEDEB02FE6DF8500CE7746 /* KeelUITests */,
			);
			name = KeelUITests;
			productName = KeelUITests;
			productReference = D6AEDEAD2FE6DF8500CE7746 /* KeelUITests.xctest */;
			productType = "com.apple.product-type.bundle.ui-testing";
		};
/* End PBXNativeTarget section */

/* Begin PBXProject section */
		D6AEDE8E2FE6DF8400CE7746 /* Project object */ = {
			isa = PBXProject;
			attributes = {
				BuildIndependentTargetsInParallel = 1;
				LastSwiftUpdateCheck = 2700;
				LastUpgradeCheck = 2700;
				TargetAttributes = {
					D6AEDE952FE6DF8400CE7746 = {
						CreatedOnToolsVersion = 27.0;
					};
					D6AEDEA22FE6DF8500CE7746 = {
						CreatedOnToolsVersion = 27.0;
						TestTargetID = D6AEDE952FE6DF8400CE7746;
					};
					D6AEDEAC2FE6DF8500CE7746 = {
						CreatedOnToolsVersion = 27.0;
						TestTargetID = D6AEDE952FE6DF8400CE7746;
					};
				};
			};
			buildConfigurationList = D6AEDE912FE6DF8400CE7746 /* Build configuration list for PBXProject "Keel" */;
			developmentRegion = en;
			hasScannedForEncodings = 0;
			knownRegions = (
				en,
				Base,
			);
			mainGroup = D6AEDE8D2FE6DF8400CE7746;
			minimizedProjectReferenceProxies = 1;
			preferredProjectObjectVersion = 77;
			productRefGroup = D6AEDE972FE6DF8400CE7746 /* Products */;
			projectDirPath = "";
			projectRoot = "";
			targets = (
				D6AEDE952FE6DF8400CE7746 /* Keel */,
				D6AEDEA22FE6DF8500CE7746 /* KeelTests */,
				D6AEDEAC2FE6DF8500CE7746 /* KeelUITests */,
			);
		};
/* End PBXProject section */

/* Begin PBXResourcesBuildPhase section */
		D6AEDE942FE6DF8400CE7746 /* Resources */ = {
			isa = PBXResourcesBuildPhase;
			files = (
			);
		};
		D6AEDEA12FE6DF8500CE7746 /* Resources */ = {
			isa = PBXResourcesBuildPhase;
			files = (
			);
		};
		D6AEDEAB2FE6DF8500CE7746 /* Resources */ = {
			isa = PBXResourcesBuildPhase;
			files = (
			);
		};
/* End PBXResourcesBuildPhase section */

/* Begin PBXSourcesBuildPhase section */
		D6AEDE922FE6DF8400CE7746 /* Sources */ = {
			isa = PBXSourcesBuildPhase;
			files = (
			);
		};
		D6AEDE9F2FE6DF8500CE7746 /* Sources */ = {
			isa = PBXSourcesBuildPhase;
			files = (
			);
		};
		D6AEDEA92FE6DF8500CE7746 /* Sources */ = {
			isa = PBXSourcesBuildPhase;
			files = (
			);
		};
/* End PBXSourcesBuildPhase section */

/* Begin PBXTargetDependency section */
		D6AEDEA52FE6DF8500CE7746 /* PBXTargetDependency */ = {
			isa = PBXTargetDependency;
			target = D6AEDE952FE6DF8400CE7746 /* Keel */;
			targetProxy = D6AEDEA42FE6DF8500CE7746 /* PBXContainerItemProxy */;
		};
		D6AEDEAF2FE6DF8500CE7746 /* PBXTargetDependency */ = {
			isa = PBXTargetDependency;
			target = D6AEDE952FE6DF8400CE7746 /* Keel */;
			targetProxy = D6AEDEAE2FE6DF8500CE7746 /* PBXContainerItemProxy */;
		};
/* End PBXTargetDependency section */

/* Begin XCBuildConfiguration section */
		D6AEDEB32FE6DF8500CE7746 /* Debug configuration for PBXProject "Keel" */ = {
			isa = XCBuildConfiguration;
			buildSettings = {
				ALWAYS_SEARCH_USER_PATHS = NO;
				ASSETCATALOG_COMPILER_GENERATE_SWIFT_ASSET_SYMBOL_EXTENSIONS = YES;
				CLANG_ANALYZER_NONNULL = YES;
				CLANG_ANALYZER_NUMBER_OBJECT_CONVERSION = YES_AGGRESSIVE;
				CLANG_CXX_LANGUAGE_STANDARD = "gnu++20";
				CLANG_ENABLE_MODULES = YES;
				CLANG_ENABLE_OBJC_ARC = YES;
				CLANG_ENABLE_OBJC_WEAK = YES;
				CLANG_WARN_BLOCK_CAPTURE_AUTORELEASING = YES;
				CLANG_WARN_BOOL_CONVERSION = YES;
				CLANG_WARN_COMMA = YES;
				CLANG_WARN_CONSTANT_CONVERSION = YES;
				CLANG_WARN_DEPRECATED_OBJC_IMPLEMENTATIONS = YES;
				CLANG_WARN_DIRECT_OBJC_ISA_USAGE = YES_ERROR;
				CLANG_WARN_DOCUMENTATION_COMMENTS = YES;
				CLANG_WARN_EMPTY_BODY = YES;
				CLANG_WARN_ENUM_CONVERSION = YES;
				CLANG_WARN_INFINITE_RECURSION = YES;
				CLANG_WARN_INT_CONVERSION = YES;
				CLANG_WARN_NON_LITERAL_NULL_CONVERSION = YES;
				CLANG_WARN_OBJC_IMPLICIT_RETAIN_SELF = YES;
				CLANG_WARN_OBJC_LITERAL_CONVERSION = YES;
				CLANG_WARN_OBJC_ROOT_CLASS = YES_ERROR;
				CLANG_WARN_QUOTED_INCLUDE_IN_FRAMEWORK_HEADER = YES;
				CLANG_WARN_RANGE_LOOP_ANALYSIS = YES;
				CLANG_WARN_STRICT_PROTOTYPES = YES;
				CLANG_WARN_SUSPICIOUS_MOVE = YES;
				CLANG_WARN_UNGUARDED_AVAILABILITY = YES_AGGRESSIVE;
				CLANG_WARN_UNREACHABLE_CODE = YES;
				CLANG_WARN__DUPLICATE_METHOD_MATCH = YES;
				COPY_PHASE_STRIP = NO;
				DEBUG_INFORMATION_FORMAT = dwarf;
				ENABLE_STRICT_OBJC_MSGSEND = YES;
				ENABLE_TESTABILITY = YES;
				ENABLE_USER_SCRIPT_SANDBOXING = YES;
				GCC_C_LANGUAGE_STANDARD = gnu17;
				GCC_DYNAMIC_NO_PIC = NO;
				GCC_NO_COMMON_BLOCKS = YES;
				GCC_OPTIMIZATION_LEVEL = 0;
				GCC_PREPROCESSOR_DEFINITIONS = (
					"DEBUG=1",
					"$(inherited)",
				);
				GCC_WARN_64_TO_32_BIT_CONVERSION = YES;
				GCC_WARN_ABOUT_RETURN_TYPE = YES_ERROR;
				GCC_WARN_UNDECLARED_SELECTOR = YES;
				GCC_WARN_UNINITIALIZED_AUTOS = YES_AGGRESSIVE;
				GCC_WARN_UNUSED_FUNCTION = YES;
				GCC_WARN_UNUSED_VARIABLE = YES;
				LOCALIZATION_PREFERS_STRING_CATALOGS = YES;
				MACOSX_DEPLOYMENT_TARGET = 14.0;
				MTL_ENABLE_DEBUG_INFO = INCLUDE_SOURCE;
				MTL_FAST_MATH = YES;
				ONLY_ACTIVE_ARCH = YES;
				SDKROOT = macosx;
				SWIFT_ACTIVE_COMPILATION_CONDITIONS = "DEBUG $(inherited)";
				SWIFT_OPTIMIZATION_LEVEL = "-Onone";
			};
			name = Debug;
		};
		D6AEDEB42FE6DF8500CE7746 /* Release configuration for PBXProject "Keel" */ = {
			isa = XCBuildConfiguration;
			buildSettings = {
				ALWAYS_SEARCH_USER_PATHS = NO;
				ASSETCATALOG_COMPILER_GENERATE_SWIFT_ASSET_SYMBOL_EXTENSIONS = YES;
				CLANG_ANALYZER_NONNULL = YES;
				CLANG_ANALYZER_NUMBER_OBJECT_CONVERSION = YES_AGGRESSIVE;
				CLANG_CXX_LANGUAGE_STANDARD = "gnu++20";
				CLANG_ENABLE_MODULES = YES;
				CLANG_ENABLE_OBJC_ARC = YES;
				CLANG_ENABLE_OBJC_WEAK = YES;
				CLANG_WARN_BLOCK_CAPTURE_AUTORELEASING = YES;
				CLANG_WARN_BOOL_CONVERSION = YES;
				CLANG_WARN_COMMA = YES;
				CLANG_WARN_CONSTANT_CONVERSION = YES;
				CLANG_WARN_DEPRECATED_OBJC_IMPLEMENTATIONS = YES;
				CLANG_WARN_DIRECT_OBJC_ISA_USAGE = YES_ERROR;
				CLANG_WARN_DOCUMENTATION_COMMENTS = YES;
				CLANG_WARN_EMPTY_BODY = YES;
				CLANG_WARN_ENUM_CONVERSION = YES;
				CLANG_WARN_INFINITE_RECURSION = YES;
				CLANG_WARN_INT_CONVERSION = YES;
				CLANG_WARN_NON_LITERAL_NULL_CONVERSION = YES;
				CLANG_WARN_OBJC_IMPLICIT_RETAIN_SELF = YES;
				CLANG_WARN_OBJC_LITERAL_CONVERSION = YES;
				CLANG_WARN_OBJC_ROOT_CLASS = YES_ERROR;
				CLANG_WARN_QUOTED_INCLUDE_IN_FRAMEWORK_HEADER = YES;
				CLANG_WARN_RANGE_LOOP_ANALYSIS = YES;
				CLANG_WARN_STRICT_PROTOTYPES = YES;
				CLANG_WARN_SUSPICIOUS_MOVE = YES;
				CLANG_WARN_UNGUARDED_AVAILABILITY = YES_AGGRESSIVE;
				CLANG_WARN_UNREACHABLE_CODE = YES;
				CLANG_WARN__DUPLICATE_METHOD_MATCH = YES;
				COPY_PHASE_STRIP = NO;
				DEBUG_INFORMATION_FORMAT = "dwarf-with-dsym";
				ENABLE_NS_ASSERTIONS = NO;
				ENABLE_STRICT_OBJC_MSGSEND = YES;
				ENABLE_USER_SCRIPT_SANDBOXING = YES;
				GCC_C_LANGUAGE_STANDARD = gnu17;
				GCC_NO_COMMON_BLOCKS = YES;
				GCC_WARN_64_TO_32_BIT_CONVERSION = YES;
				GCC_WARN_ABOUT_RETURN_TYPE = YES_ERROR;
				GCC_WARN_UNDECLARED_SELECTOR = YES;
				GCC_WARN_UNINITIALIZED_AUTOS = YES_AGGRESSIVE;
				GCC_WARN_UNUSED_FUNCTION = YES;
				GCC_WARN_UNUSED_VARIABLE = YES;
				LOCALIZATION_PREFERS_STRING_CATALOGS = YES;
				MACOSX_DEPLOYMENT_TARGET = 14.0;
				MTL_ENABLE_DEBUG_INFO = NO;
				MTL_FAST_MATH = YES;
				SDKROOT = macosx;
				SWIFT_COMPILATION_MODE = wholemodule;
			};
			name = Release;
		};
		D6AEDEB62FE6DF8500CE7746 /* Debug configuration for PBXNativeTarget "Keel" */ = {
			isa = XCBuildConfiguration;
			buildSettings = {
				ASSETCATALOG_COMPILER_APPICON_NAME = AppIcon;
				ASSETCATALOG_COMPILER_GLOBAL_ACCENT_COLOR_NAME = AccentColor;
				CODE_SIGN_STYLE = Automatic;
				COMBINE_HIDPI_IMAGES = YES;
				CURRENT_PROJECT_VERSION = 1;
				ENABLE_APP_SANDBOX = NO;
				ENABLE_PREVIEWS = YES;
				ENABLE_USER_SELECTED_FILES = readonly;
				GENERATE_INFOPLIST_FILE = YES;
				INFOPLIST_KEY_NSHumanReadableCopyright = "";
				LD_RUNPATH_SEARCH_PATHS = (
					"$(inherited)",
					"@executable_path/../Frameworks",
				);
				MARKETING_VERSION = 1.0;
				PRODUCT_BUNDLE_IDENTIFIER = za.co.codecraftsolutions.Keel;
				PRODUCT_NAME = "$(TARGET_NAME)";
				REGISTER_APP_GROUPS = YES;
				STRING_CATALOG_GENERATE_SYMBOLS = YES;
				SWIFT_APPROACHABLE_CONCURRENCY = YES;
				SWIFT_DEFAULT_ACTOR_ISOLATION = MainActor;
				SWIFT_EMIT_LOC_STRINGS = YES;
				SWIFT_UPCOMING_FEATURE_MEMBER_IMPORT_VISIBILITY = YES;
				SWIFT_VERSION = 5.0;
			};
			name = Debug;
		};
		D6AEDEB72FE6DF8500CE7746 /* Release configuration for PBXNativeTarget "Keel" */ = {
			isa = XCBuildConfiguration;
			buildSettings = {
				ASSETCATALOG_COMPILER_APPICON_NAME = AppIcon;
				ASSETCATALOG_COMPILER_GLOBAL_ACCENT_COLOR_NAME = AccentColor;
				CODE_SIGN_STYLE = Automatic;
				COMBINE_HIDPI_IMAGES = YES;
				CURRENT_PROJECT_VERSION = 1;
				ENABLE_APP_SANDBOX = NO;
				ENABLE_PREVIEWS = YES;
				ENABLE_USER_SELECTED_FILES = readonly;
				GENERATE_INFOPLIST_FILE = YES;
				INFOPLIST_KEY_NSHumanReadableCopyright = "";
				LD_RUNPATH_SEARCH_PATHS = (
					"$(inherited)",
					"@executable_path/../Frameworks",
				);
				MARKETING_VERSION = 1.0;
				PRODUCT_BUNDLE_IDENTIFIER = za.co.codecraftsolutions.Keel;
				PRODUCT_NAME = "$(TARGET_NAME)";
				REGISTER_APP_GROUPS = YES;
				STRING_CATALOG_GENERATE_SYMBOLS = YES;
				SWIFT_APPROACHABLE_CONCURRENCY = YES;
				SWIFT_DEFAULT_ACTOR_ISOLATION = MainActor;
				SWIFT_EMIT_LOC_STRINGS = YES;
				SWIFT_UPCOMING_FEATURE_MEMBER_IMPORT_VISIBILITY = YES;
				SWIFT_VERSION = 5.0;
			};
			name = Release;
		};
		D6AEDEB92FE6DF8500CE7746 /* Debug configuration for PBXNativeTarget "KeelTests" */ = {
			isa = XCBuildConfiguration;
			buildSettings = {
				BUNDLE_LOADER = "$(TEST_HOST)";
				CODE_SIGN_STYLE = Automatic;
				CURRENT_PROJECT_VERSION = 1;
				GENERATE_INFOPLIST_FILE = YES;
				MACOSX_DEPLOYMENT_TARGET = 14.0;
				MARKETING_VERSION = 1.0;
				PRODUCT_BUNDLE_IDENTIFIER = za.co.codecraftsolutions.KeelTests;
				PRODUCT_NAME = "$(TARGET_NAME)";
				STRING_CATALOG_GENERATE_SYMBOLS = NO;
				SWIFT_APPROACHABLE_CONCURRENCY = YES;
				SWIFT_EMIT_LOC_STRINGS = NO;
				SWIFT_UPCOMING_FEATURE_MEMBER_IMPORT_VISIBILITY = YES;
				SWIFT_VERSION = 5.0;
				TEST_HOST = "$(BUILT_PRODUCTS_DIR)/Keel.app/$(BUNDLE_EXECUTABLE_FOLDER_PATH)/Keel";
			};
			name = Debug;
		};
		D6AEDEBA2FE6DF8500CE7746 /* Release configuration for PBXNativeTarget "KeelTests" */ = {
			isa = XCBuildConfiguration;
			buildSettings = {
				BUNDLE_LOADER = "$(TEST_HOST)";
				CODE_SIGN_STYLE = Automatic;
				CURRENT_PROJECT_VERSION = 1;
				GENERATE_INFOPLIST_FILE = YES;
				MACOSX_DEPLOYMENT_TARGET = 14.0;
				MARKETING_VERSION = 1.0;
				PRODUCT_BUNDLE_IDENTIFIER = za.co.codecraftsolutions.KeelTests;
				PRODUCT_NAME = "$(TARGET_NAME)";
				STRING_CATALOG_GENERATE_SYMBOLS = NO;
				SWIFT_APPROACHABLE_CONCURRENCY = YES;
				SWIFT_EMIT_LOC_STRINGS = NO;
				SWIFT_UPCOMING_FEATURE_MEMBER_IMPORT_VISIBILITY = YES;
				SWIFT_VERSION = 5.0;
				TEST_HOST = "$(BUILT_PRODUCTS_DIR)/Keel.app/$(BUNDLE_EXECUTABLE_FOLDER_PATH)/Keel";
			};
			name = Release;
		};
		D6AEDEBC2FE6DF8500CE7746 /* Debug configuration for PBXNativeTarget "KeelUITests" */ = {
			isa = XCBuildConfiguration;
			buildSettings = {
				CODE_SIGN_STYLE = Automatic;
				CURRENT_PROJECT_VERSION = 1;
				GENERATE_INFOPLIST_FILE = YES;
				MARKETING_VERSION = 1.0;
				PRODUCT_BUNDLE_IDENTIFIER = za.co.codecraftsolutions.KeelUITests;
				PRODUCT_NAME = "$(TARGET_NAME)";
				STRING_CATALOG_GENERATE_SYMBOLS = NO;
				SWIFT_APPROACHABLE_CONCURRENCY = YES;
				SWIFT_EMIT_LOC_STRINGS = NO;
				SWIFT_UPCOMING_FEATURE_MEMBER_IMPORT_VISIBILITY = YES;
				SWIFT_VERSION = 5.0;
				TEST_TARGET_NAME = Keel;
			};
			name = Debug;
		};
		D6AEDEBD2FE6DF8500CE7746 /* Release configuration for PBXNativeTarget "KeelUITests" */ = {
			isa = XCBuildConfiguration;
			buildSettings = {
				CODE_SIGN_STYLE = Automatic;
				CURRENT_PROJECT_VERSION = 1;
				GENERATE_INFOPLIST_FILE = YES;
				MARKETING_VERSION = 1.0;
				PRODUCT_BUNDLE_IDENTIFIER = za.co.codecraftsolutions.KeelUITests;
				PRODUCT_NAME = "$(TARGET_NAME)";
				STRING_CATALOG_GENERATE_SYMBOLS = NO;
				SWIFT_APPROACHABLE_CONCURRENCY = YES;
				SWIFT_EMIT_LOC_STRINGS = NO;
				SWIFT_UPCOMING_FEATURE_MEMBER_IMPORT_VISIBILITY = YES;
				SWIFT_VERSION = 5.0;
				TEST_TARGET_NAME = Keel;
			};
			name = Release;
		};
/* End XCBuildConfiguration section */

/* Begin XCConfigurationList section */
		D6AEDE912FE6DF8400CE7746 /* Build configuration list for PBXProject "Keel" */ = {
			isa = XCConfigurationList;
			buildConfigurations = (
				D6AEDEB32FE6DF8500CE7746 /* Debug configuration for PBXProject "Keel" */,
				D6AEDEB42FE6DF8500CE7746 /* Release configuration for PBXProject "Keel" */,
			);
			defaultConfigurationName = Release;
		};
		D6AEDEB52FE6DF8500CE7746 /* Build configuration list for PBXNativeTarget "Keel" */ = {
			isa = XCConfigurationList;
			buildConfigurations = (
				D6AEDEB62FE6DF8500CE7746 /* Debug configuration for PBXNativeTarget "Keel" */,
				D6AEDEB72FE6DF8500CE7746 /* Release configuration for PBXNativeTarget "Keel" */,
			);
			defaultConfigurationName = Release;
		};
		D6AEDEB82FE6DF8500CE7746 /* Build configuration list for PBXNativeTarget "KeelTests" */ = {
			isa = XCConfigurationList;
			buildConfigurations = (
				D6AEDEB92FE6DF8500CE7746 /* Debug configuration for PBXNativeTarget "KeelTests" */,
				D6AEDEBA2FE6DF8500CE7746 /* Release configuration for PBXNativeTarget "KeelTests" */,
			);
			defaultConfigurationName = Release;
		};
		D6AEDEBB2FE6DF8500CE7746 /* Build configuration list for PBXNativeTarget "KeelUITests" */ = {
			isa = XCConfigurationList;
			buildConfigurations = (
				D6AEDEBC2FE6DF8500CE7746 /* Debug configuration for PBXNativeTarget "KeelUITests" */,
				D6AEDEBD2FE6DF8500CE7746 /* Release configuration for PBXNativeTarget "KeelUITests" */,
			);
			defaultConfigurationName = Release;
		};
/* End XCConfigurationList section */
	};
	rootObject = D6AEDE8E2FE6DF8400CE7746 /* Project object */;
	validationLevel = 1;
}
